
Microsoft Visual Studio Solution File, Format Version 12.00
# Visual Studio 15
VisualStudioVersion = 15.0.27428.2002
MinimumVisualStudioVersion = 10.0.40219.1
Project("{FAE04EC0-301F-11D3-BF4B-00C04F79EFBC}") = "ps", "ps\ps.csproj", "{E4361682-2E20-41DD-AC71-30C8BD61DF58}"
EndProject
Global
	GlobalSection(SolutionConfigurationPlatforms) = preSolution
		Debug|Any CPU = Debug|Any CPU
		Release|Any CPU = Release|Any CPU
	EndGlobalSection
	GlobalSection(ProjectConfigurationPlatforms) = postSolution
		{E4361682-2E20-41DD-AC71-30C8BD61DF58}.Debug|Any CPU.ActiveCfg = Debug|Any CPU
		{E4361682-2E20-41DD-AC71-30C8BD61DF58}.Debug|Any CPU.Build.0 = Debug|Any CPU
		{E4361682-2E20-41DD-AC71-30C8BD61DF58}.Release|Any CPU.ActiveCfg = Release|Any CPU
		{E4361682-2E20-41DD-AC71-30C8BD61DF58}.Release|Any CPU.Build.0 = Release|Any CPU
	EndGlobalSection
	GlobalSection(SolutionProperties) = preSolution
		HideSolutionNode = FALSE
	EndGlobalSection
	GlobalSection(ExtensibilityGlobals) = postSolution
		SolutionGuid = {FFE70AF9-2A9A-4192-B4D4-09DED610F1E5}
	EndGlobalSection
EndGlobal
